PODS:
  - DRYTestUtilities (0.1.3)
  - DRYUtilities (1.4.0)

DEPENDENCIES:
  - DRYTestUtilities (from `../`)
  - DRYUtilities

EXTERNAL SOURCES:
  DRYTestUtilities:
    :path: "../"

SPEC CHECKSUMS:
  DRYTestUtilities: 64210d9f12ead559d603f70bf58684ea22e16e3e
  DRYUtilities: f072050282783ae93fca858a5225b9a5e04950f8

COCOAPODS: 0.38.2
