PODS:
  - DRYTestUtilities (0.1.4):
    - DRYUtilities
  - DRYUtilities (1.6.0):
    - DRYUtilities/Configuration (= 1.6.0)
    - DRYUtilities/CoreData (= 1.6.0)
    - DRYUtilities/Foundation (= 1.6.0)
    - DRYUtilities/Networking (= 1.6.0)
    - DRYUtilities/Security (= 1.6.0)
    - DRYUtilities/UIKit (= 1.6.0)
  - DRYUtilities/Configuration (1.6.0)
  - DRYUtilities/CoreData (1.6.0)
  - DRYUtilities/Foundation (1.6.0)
  - DRYUtilities/Networking (1.6.0)
  - DRYUtilities/Security (1.6.0)
  - DRYUtilities/UIKit (1.6.0)

DEPENDENCIES:
  - DRYTestUtilities (from `../`)
  - DRYUtilities

EXTERNAL SOURCES:
  DRYTestUtilities:
    :path: "../"

SPEC CHECKSUMS:
  DRYTestUtilities: bf8ed098ff32f5d1ff04386a103fa5bffe59736d
  DRYUtilities: 45ac8f66e01b8d95b69ff05dee0b428d348ae5e7

PODFILE CHECKSUM: 4886cf5e264691ed1c61e3e69c5e8a9c227cf254

COCOAPODS: 1.0.1
