PODS:
  - DRYTestUtilities (1.0.1):
    - DRYTestUtilities/Core (= 1.0.1)
    - DRYTestUtilities/OCMockitoSupport (= 1.0.1)
  - DRYTestUtilities/Core (1.0.1):
    - DRYUtilities
  - DRYTestUtilities/OCMockitoSupport (1.0.1):
    - DRYTestUtilities/Core
    - OCMockito
  - DRYUtilities (1.6.0):
    - DRYUtilities/Configuration (= 1.6.0)
    - DRYUtilities/CoreData (= 1.6.0)
    - DRYUtilities/Foundation (= 1.6.0)
    - DRYUtilities/Networking (= 1.6.0)
    - DRYUtilities/Security (= 1.6.0)
    - DRYUtilities/UIKit (= 1.6.0)
  - DRYUtilities/Configuration (1.6.0)
  - DRYUtilities/CoreData (1.6.0)
  - DRYUtilities/Foundation (1.6.0)
  - DRYUtilities/Networking (1.6.0)
  - DRYUtilities/Security (1.6.0)
  - DRYUtilities/UIKit (1.6.0)
  - OCHamcrest (5.4.0)
  - OCMockito (3.0.2):
    - OCHamcrest (~> 5.1)

DEPENDENCIES:
  - DRYTestUtilities (from `../`)
  - DRYUtilities

EXTERNAL SOURCES:
  DRYTestUtilities:
    :path: "../"

SPEC CHECKSUMS:
  DRYTestUtilities: bd162a0ff0d0284ae92891c1d77f5f4014c7015d
  DRYUtilities: 45ac8f66e01b8d95b69ff05dee0b428d348ae5e7
  OCHamcrest: 5c1d441c5a82fb18ac17c2aeb52ec1a99edb971b
  OCMockito: 2cb6c2267cbc76537be56281cd47cdb5a7c27541

PODFILE CHECKSUM: 4886cf5e264691ed1c61e3e69c5e8a9c227cf254

COCOAPODS: 1.0.1
